
Microsoft Visual Studio Solution File, Format Version 12.00
# Visual Studio 2013
VisualStudioVersion = 12.0.30723.0
MinimumVisualStudioVersion = 10.0.40219.1
Project("{FAE04EC0-301F-11D3-BF4B-00C04F79EFBC}") = "CommandLine", "CommandLine\CommandLine.csproj", "{BAD5709A-7EC1-4D55-9FE8-0CCC82604DCE}"
EndProject
Project("{FAE04EC0-301F-11D3-BF4B-00C04F79EFBC}") = "Core", "Core\Core.csproj", "{2A36CE60-9215-49C9-878E-F1CEDD8D81CC}"
EndProject
Project("{FAE04EC0-301F-11D3-BF4B-00C04F79EFBC}") = "UnitTests", "UnitTests\UnitTests.csproj", "{F07CE216-CAD2-4603-B55F-6D6345AF90F8}"
EndProject
Project("{FAE04EC0-301F-11D3-BF4B-00C04F79EFBC}") = "Utilities", "Utilities\Utilities.csproj", "{22AFBCC8-CA90-46F2-B35A-424BACCF4AB0}"
EndProject
Project("{2150E333-8FDC-42A3-9474-1A3956D46DE8}") = "Solution Items", "Solution Items", "{40F85521-2482-49A1-9E0B-F67BC1DCD52C}"
	ProjectSection(SolutionItems) = preProject
		.travis.yml = .travis.yml
		LICENSE = LICENSE
		LICENSE.rtf = LICENSE.rtf
		README.md = README.md
	EndProjectSection
EndProject
Project("{FAE04EC0-301F-11D3-BF4B-00C04F79EFBC}") = "Model", "Model\Model.csproj", "{688E0507-70DA-4268-B8AF-94CB2F1F5CB2}"
EndProject
Project("{930C7802-8A8C-48F9-8165-68863BCCD9DD}") = "Installer", "Installer\Installer.wixproj", "{77C91B3D-FC73-4298-BE16-7BBC2AB1016F}"
EndProject
Project("{2150E333-8FDC-42A3-9474-1A3956D46DE8}") = ".nuget", ".nuget", "{40A20D22-7CD9-438E-B748-1BAAAA53AA5E}"
	ProjectSection(SolutionItems) = preProject
		.nuget\packages.config = .nuget\packages.config
	EndProjectSection
EndProject
Global
	GlobalSection(SolutionConfigurationPlatforms) = preSolution
		Debug|Any CPU = Debug|Any CPU
		Release|Any CPU = Release|Any CPU
	EndGlobalSection
	GlobalSection(ProjectConfigurationPlatforms) = postSolution
		{BAD5709A-7EC1-4D55-9FE8-0CCC82604DCE}.Debug|Any CPU.ActiveCfg = Debug|Any CPU
		{BAD5709A-7EC1-4D55-9FE8-0CCC82604DCE}.Debug|Any CPU.Build.0 = Debug|Any CPU
		{BAD5709A-7EC1-4D55-9FE8-0CCC82604DCE}.Release|Any CPU.ActiveCfg = Release|Any CPU
		{BAD5709A-7EC1-4D55-9FE8-0CCC82604DCE}.Release|Any CPU.Build.0 = Release|Any CPU
		{2A36CE60-9215-49C9-878E-F1CEDD8D81CC}.Debug|Any CPU.ActiveCfg = Debug|Any CPU
		{2A36CE60-9215-49C9-878E-F1CEDD8D81CC}.Debug|Any CPU.Build.0 = Debug|Any CPU
		{2A36CE60-9215-49C9-878E-F1CEDD8D81CC}.Release|Any CPU.ActiveCfg = Release|Any CPU
		{2A36CE60-9215-49C9-878E-F1CEDD8D81CC}.Release|Any CPU.Build.0 = Release|Any CPU
		{F07CE216-CAD2-4603-B55F-6D6345AF90F8}.Debug|Any CPU.ActiveCfg = Debug|Any CPU
		{F07CE216-CAD2-4603-B55F-6D6345AF90F8}.Debug|Any CPU.Build.0 = Debug|Any CPU
		{F07CE216-CAD2-4603-B55F-6D6345AF90F8}.Release|Any CPU.ActiveCfg = Release|Any CPU
		{F07CE216-CAD2-4603-B55F-6D6345AF90F8}.Release|Any CPU.Build.0 = Release|Any CPU
		{22AFBCC8-CA90-46F2-B35A-424BACCF4AB0}.Debug|Any CPU.ActiveCfg = Debug|Any CPU
		{22AFBCC8-CA90-46F2-B35A-424BACCF4AB0}.Debug|Any CPU.Build.0 = Debug|Any CPU
		{22AFBCC8-CA90-46F2-B35A-424BACCF4AB0}.Release|Any CPU.ActiveCfg = Release|Any CPU
		{22AFBCC8-CA90-46F2-B35A-424BACCF4AB0}.Release|Any CPU.Build.0 = Release|Any CPU
		{688E0507-70DA-4268-B8AF-94CB2F1F5CB2}.Debug|Any CPU.ActiveCfg = Debug|Any CPU
		{688E0507-70DA-4268-B8AF-94CB2F1F5CB2}.Debug|Any CPU.Build.0 = Debug|Any CPU
		{688E0507-70DA-4268-B8AF-94CB2F1F5CB2}.Release|Any CPU.ActiveCfg = Release|Any CPU
		{688E0507-70DA-4268-B8AF-94CB2F1F5CB2}.Release|Any CPU.Build.0 = Release|Any CPU
		{77C91B3D-FC73-4298-BE16-7BBC2AB1016F}.Debug|Any CPU.ActiveCfg = Debug|x86
		{77C91B3D-FC73-4298-BE16-7BBC2AB1016F}.Debug|Any CPU.Build.0 = Debug|x86
		{77C91B3D-FC73-4298-BE16-7BBC2AB1016F}.Release|Any CPU.ActiveCfg = Release|x86
		{77C91B3D-FC73-4298-BE16-7BBC2AB1016F}.Release|Any CPU.Build.0 = Release|x86
	EndGlobalSection
	GlobalSection(SolutionProperties) = preSolution
		HideSolutionNode = FALSE
	EndGlobalSection
EndGlobal
